
Microsoft Visual Studio Solution File, Format Version 12.00
# Visual Studio 15
Project("{FAE04EC0-301F-11D3-BF4B-00C04F79EFBC}") = "UnityEngine.TestRunner", "UnityEngine.TestRunner.csproj", "{1E952552-78B4-B29C-2DB5-BB9C7ADB5C8E}"
EndProject
Project("{FAE04EC0-301F-11D3-BF4B-00C04F79EFBC}") = "UnityEngine.UI", "UnityEngine.UI.csproj", "{F4ADBA13-9089-4A58-AAED-0DB062E2C1CD}"
EndProject
Project("{FAE04EC0-301F-11D3-BF4B-00C04F79EFBC}") = "Unity.VisualScripting.Flow", "Unity.VisualScripting.Flow.csproj", "{8571326C-79E9-5FBC-506C-786595A7D4F0}"
EndProject
Project("{FAE04EC0-301F-11D3-BF4B-00C04F79EFBC}") = "Unity.Services.Core.Telemetry", "Unity.Services.Core.Telemetry.csproj", "{F078948D-7A69-0AD5-5576-A0F0505DC085}"
EndProject
Project("{FAE04EC0-301F-11D3-BF4B-00C04F79EFBC}") = "Unity.VisualScripting.State", "Unity.VisualScripting.State.csproj", "{D536DFBE-465E-570E-73CF-4B2908AEDB00}"
EndProject
Project("{FAE04EC0-301F-11D3-BF4B-00C04F79EFBC}") = "Unity.VisualScripting.Core", "Unity.VisualScripting.Core.csproj", "{31DB4CAD-F08A-D617-803A-B1D91286761B}"
EndProject
Project("{FAE04EC0-301F-11D3-BF4B-00C04F79EFBC}") = "Unity.Services.Core.Environments.Internal", "Unity.Services.Core.Environments.Internal.csproj", "{FF12077A-1E29-5B80-6BD1-2E819CE5D032}"
EndProject
Project("{FAE04EC0-301F-11D3-BF4B-00C04F79EFBC}") = "Unity.TextMeshPro", "Unity.TextMeshPro.csproj", "{F2E1B5E6-114B-2204-B66D-A4F023C15691}"
EndProject
Project("{FAE04EC0-301F-11D3-BF4B-00C04F79EFBC}") = "Unity.Timeline", "Unity.Timeline.csproj", "{1220AEB2-180F-7658-FD14-E04615C0E121}"
EndProject
Project("{FAE04EC0-301F-11D3-BF4B-00C04F79EFBC}") = "Unity.Services.Core", "Unity.Services.Core.csproj", "{337E7C80-573C-88A9-03C8-5A2ABC68D67C}"
EndProject
Project("{FAE04EC0-301F-11D3-BF4B-00C04F79EFBC}") = "Unity.Services.Core.Environments", "Unity.Services.Core.Environments.csproj", "{44AAE836-CD9E-2DBC-5AC6-E85787BC0972}"
EndProject
Project("{FAE04EC0-301F-11D3-BF4B-00C04F79EFBC}") = "Unity.Services.Core.Internal", "Unity.Services.Core.Internal.csproj", "{65F93BBC-F33B-B6A8-0939-9382DE2A8D2C}"
EndProject
Project("{FAE04EC0-301F-11D3-BF4B-00C04F79EFBC}") = "Unity.Services.Core.Analytics", "Unity.Services.Core.Analytics.csproj", "{D658AEBD-B1CB-5D57-00F9-BCAD64D92205}"
EndProject
Project("{FAE04EC0-301F-11D3-BF4B-00C04F79EFBC}") = "Unity.Services.Core.Scheduler", "Unity.Services.Core.Scheduler.csproj", "{A48A9684-3014-2CC2-49E5-54E1D98380B3}"
EndProject
Project("{FAE04EC0-301F-11D3-BF4B-00C04F79EFBC}") = "Unity.Services.Core.Registration", "Unity.Services.Core.Registration.csproj", "{95F45B13-153A-956A-3F98-2B3CC9332EC0}"
EndProject
Project("{FAE04EC0-301F-11D3-BF4B-00C04F79EFBC}") = "Assembly-CSharp", "Assembly-CSharp.csproj", "{2A6025E8-29DC-4DF0-7E4C-1BCE898DC913}"
EndProject
Project("{FAE04EC0-301F-11D3-BF4B-00C04F79EFBC}") = "Unity.Services.Core.Device", "Unity.Services.Core.Device.csproj", "{7C8DA525-20AE-424D-01C2-D2CCE268CB55}"
EndProject
Project("{FAE04EC0-301F-11D3-BF4B-00C04F79EFBC}") = "Unity.Services.Core.Threading", "Unity.Services.Core.Threading.csproj", "{B47F53D0-FF76-38CD-31F5-B9F2FB2CC10D}"
EndProject
Project("{FAE04EC0-301F-11D3-BF4B-00C04F79EFBC}") = "Unity.Services.Core.Networking", "Unity.Services.Core.Networking.csproj", "{0980E640-6A28-D525-3798-850D38293011}"
EndProject
Project("{FAE04EC0-301F-11D3-BF4B-00C04F79EFBC}") = "Unity.Services.Core.Configuration", "Unity.Services.Core.Configuration.csproj", "{A1465E21-3EAE-016E-27A3-339E5FB7CFE2}"
EndProject
Project("{FAE04EC0-301F-11D3-BF4B-00C04F79EFBC}") = "Unity.PlasticSCM.Editor", "Unity.PlasticSCM.Editor.csproj", "{1C54EA1C-F1BA-DDB8-3DE5-4BAEA65A9A86}"
EndProject
Project("{FAE04EC0-301F-11D3-BF4B-00C04F79EFBC}") = "Unity.VisualScripting.Core.Editor", "Unity.VisualScripting.Core.Editor.csproj", "{BF32EA36-A994-1BB7-10A8-8F3B36370FC1}"
EndProject
Project("{FAE04EC0-301F-11D3-BF4B-00C04F79EFBC}") = "Unity.VisualScripting.Flow.Editor", "Unity.VisualScripting.Flow.Editor.csproj", "{903E5E6B-15B1-FACA-C97B-2DF1F9445BC0}"
EndProject
Project("{FAE04EC0-301F-11D3-BF4B-00C04F79EFBC}") = "Unity.VisualStudio.Editor", "Unity.VisualStudio.Editor.csproj", "{D9AB9B9A-D40C-8D32-2028-F794370941E1}"
EndProject
Project("{FAE04EC0-301F-11D3-BF4B-00C04F79EFBC}") = "Unity.Timeline.Editor", "Unity.Timeline.Editor.csproj", "{E90D2130-1C4A-830A-DA1C-B617EA68D86F}"
EndProject
Project("{FAE04EC0-301F-11D3-BF4B-00C04F79EFBC}") = "Unity.VisualScripting.State.Editor", "Unity.VisualScripting.State.Editor.csproj", "{7D271E20-41EE-3C17-E189-165A5DFE1A18}"
EndProject
Project("{FAE04EC0-301F-11D3-BF4B-00C04F79EFBC}") = "Unity.TextMeshPro.Editor", "Unity.TextMeshPro.Editor.csproj", "{B1639118-732E-865E-A7D8-E1E452E3206A}"
EndProject
Project("{FAE04EC0-301F-11D3-BF4B-00C04F79EFBC}") = "Unity.VisualScripting.SettingsProvider.Editor", "Unity.VisualScripting.SettingsProvider.Editor.csproj", "{B037C50C-9428-E940-4F3D-01352051DEAD}"
EndProject
Project("{FAE04EC0-301F-11D3-BF4B-00C04F79EFBC}") = "Unity.CollabProxy.Editor", "Unity.CollabProxy.Editor.csproj", "{5DF13473-87D5-7B07-D365-565985353A4E}"
EndProject
Project("{FAE04EC0-301F-11D3-BF4B-00C04F79EFBC}") = "UnityEditor.TestRunner", "UnityEditor.TestRunner.csproj", "{38A7DBDF-D3E2-3FB9-7667-2E8ACB34071E}"
EndProject
Project("{FAE04EC0-301F-11D3-BF4B-00C04F79EFBC}") = "Unity.Services.Core.Editor", "Unity.Services.Core.Editor.csproj", "{EA616250-678F-80CB-73FA-EB91B7AA349E}"
EndProject
Project("{FAE04EC0-301F-11D3-BF4B-00C04F79EFBC}") = "Unity.TestTools.CodeCoverage.Editor", "Unity.TestTools.CodeCoverage.Editor.csproj", "{B1E07247-FA5E-11BC-DEE0-8C4DDC416A9A}"
EndProject
Project("{FAE04EC0-301F-11D3-BF4B-00C04F79EFBC}") = "Unity.Rider.Editor", "Unity.Rider.Editor.csproj", "{D9D42C21-A5E4-8C3C-75FA-2A563EE5D10C}"
EndProject
Project("{FAE04EC0-301F-11D3-BF4B-00C04F79EFBC}") = "Unity.Performance.Profile-Analyzer.Editor", "Unity.Performance.Profile-Analyzer.Editor.csproj", "{AE3E5D95-AA53-6293-CE13-4EDDB054BFFC}"
EndProject
Project("{FAE04EC0-301F-11D3-BF4B-00C04F79EFBC}") = "Unity.VSCode.Editor", "Unity.VSCode.Editor.csproj", "{F2CE290B-11C4-FAFC-AF7B-599D01C4C67D}"
EndProject
Project("{FAE04EC0-301F-11D3-BF4B-00C04F79EFBC}") = "UnityEditor.UI", "UnityEditor.UI.csproj", "{36D3B808-BBED-661C-163D-549F8ECA1133}"
EndProject
Project("{FAE04EC0-301F-11D3-BF4B-00C04F79EFBC}") = "Unity.TestTools.CodeCoverage.Editor.OpenCover.Model", "Unity.TestTools.CodeCoverage.Editor.OpenCover.Model.csproj", "{40858E23-6AB3-19C7-3C7A-5A28313BCB83}"
EndProject
Project("{FAE04EC0-301F-11D3-BF4B-00C04F79EFBC}") = "Unity.EditorCoroutines.Editor", "Unity.EditorCoroutines.Editor.csproj", "{95496288-5F99-8756-2F5A-070C245FC8B7}"
EndProject
Project("{FAE04EC0-301F-11D3-BF4B-00C04F79EFBC}") = "Unity.Settings.Editor", "Unity.Settings.Editor.csproj", "{BD364525-2F44-F9E2-9888-E49CF32A5738}"
EndProject
Project("{FAE04EC0-301F-11D3-BF4B-00C04F79EFBC}") = "Unity.Services.Core.Configuration.Editor", "Unity.Services.Core.Configuration.Editor.csproj", "{53495FF2-B35F-E33F-AD20-86A11B605117}"
EndProject
Project("{FAE04EC0-301F-11D3-BF4B-00C04F79EFBC}") = "Unity.TestTools.CodeCoverage.Editor.OpenCover.Mono.Reflection", "Unity.TestTools.CodeCoverage.Editor.OpenCover.Mono.Reflection.csproj", "{F2084F43-9616-EC01-B74E-73745A211C81}"
EndProject
Project("{FAE04EC0-301F-11D3-BF4B-00C04F79EFBC}") = "Unity.VisualScripting.Shared.Editor", "Unity.VisualScripting.Shared.Editor.csproj", "{B48A7066-A461-80AA-B38B-208117808B75}"
EndProject
Global
	GlobalSection(SolutionConfigurationPlatforms) = preSolution
		Debug|Any CPU = Debug|Any CPU
		Release|Any CPU = Release|Any CPU
	EndGlobalSection
	GlobalSection(ProjectConfigurationPlatforms) = postSolution
		{1E952552-78B4-B29C-2DB5-BB9C7ADB5C8E}.Debug|Any CPU.ActiveCfg = Debug|Any CPU
		{1E952552-78B4-B29C-2DB5-BB9C7ADB5C8E}.Debug|Any CPU.Build.0 = Debug|Any CPU
		{1E952552-78B4-B29C-2DB5-BB9C7ADB5C8E}.Release|Any CPU.ActiveCfg = Release|Any CPU
		{1E952552-78B4-B29C-2DB5-BB9C7ADB5C8E}.Release|Any CPU.Build.0 = Release|Any CPU
		{F4ADBA13-9089-4A58-AAED-0DB062E2C1CD}.Debug|Any CPU.ActiveCfg = Debug|Any CPU
		{F4ADBA13-9089-4A58-AAED-0DB062E2C1CD}.Debug|Any CPU.Build.0 = Debug|Any CPU
		{F4ADBA13-9089-4A58-AAED-0DB062E2C1CD}.Release|Any CPU.ActiveCfg = Release|Any CPU
		{F4ADBA13-9089-4A58-AAED-0DB062E2C1CD}.Release|Any CPU.Build.0 = Release|Any CPU
		{8571326C-79E9-5FBC-506C-786595A7D4F0}.Debug|Any CPU.ActiveCfg = Debug|Any CPU
		{8571326C-79E9-5FBC-506C-786595A7D4F0}.Debug|Any CPU.Build.0 = Debug|Any CPU
		{8571326C-79E9-5FBC-506C-786595A7D4F0}.Release|Any CPU.ActiveCfg = Release|Any CPU
		{8571326C-79E9-5FBC-506C-786595A7D4F0}.Release|Any CPU.Build.0 = Release|Any CPU
		{F078948D-7A69-0AD5-5576-A0F0505DC085}.Debug|Any CPU.ActiveCfg = Debug|Any CPU
		{F078948D-7A69-0AD5-5576-A0F0505DC085}.Debug|Any CPU.Build.0 = Debug|Any CPU
		{F078948D-7A69-0AD5-5576-A0F0505DC085}.Release|Any CPU.ActiveCfg = Release|Any CPU
		{F078948D-7A69-0AD5-5576-A0F0505DC085}.Release|Any CPU.Build.0 = Release|Any CPU
		{D536DFBE-465E-570E-73CF-4B2908AEDB00}.Debug|Any CPU.ActiveCfg = Debug|Any CPU
		{D536DFBE-465E-570E-73CF-4B2908AEDB00}.Debug|Any CPU.Build.0 = Debug|Any CPU
		{D536DFBE-465E-570E-73CF-4B2908AEDB00}.Release|Any CPU.ActiveCfg = Release|Any CPU
		{D536DFBE-465E-570E-73CF-4B2908AEDB00}.Release|Any CPU.Build.0 = Release|Any CPU
		{31DB4CAD-F08A-D617-803A-B1D91286761B}.Debug|Any CPU.ActiveCfg = Debug|Any CPU
		{31DB4CAD-F08A-D617-803A-B1D91286761B}.Debug|Any CPU.Build.0 = Debug|Any CPU
		{31DB4CAD-F08A-D617-803A-B1D91286761B}.Release|Any CPU.ActiveCfg = Release|Any CPU
		{31DB4CAD-F08A-D617-803A-B1D91286761B}.Release|Any CPU.Build.0 = Release|Any CPU
		{FF12077A-1E29-5B80-6BD1-2E819CE5D032}.Debug|Any CPU.ActiveCfg = Debug|Any CPU
		{FF12077A-1E29-5B80-6BD1-2E819CE5D032}.Debug|Any CPU.Build.0 = Debug|Any CPU
		{FF12077A-1E29-5B80-6BD1-2E819CE5D032}.Release|Any CPU.ActiveCfg = Release|Any CPU
		{FF12077A-1E29-5B80-6BD1-2E819CE5D032}.Release|Any CPU.Build.0 = Release|Any CPU
		{F2E1B5E6-114B-2204-B66D-A4F023C15691}.Debug|Any CPU.ActiveCfg = Debug|Any CPU
		{F2E1B5E6-114B-2204-B66D-A4F023C15691}.Debug|Any CPU.Build.0 = Debug|Any CPU
		{F2E1B5E6-114B-2204-B66D-A4F023C15691}.Release|Any CPU.ActiveCfg = Release|Any CPU
		{F2E1B5E6-114B-2204-B66D-A4F023C15691}.Release|Any CPU.Build.0 = Release|Any CPU
		{1220AEB2-180F-7658-FD14-E04615C0E121}.Debug|Any CPU.ActiveCfg = Debug|Any CPU
		{1220AEB2-180F-7658-FD14-E04615C0E121}.Debug|Any CPU.Build.0 = Debug|Any CPU
		{1220AEB2-180F-7658-FD14-E04615C0E121}.Release|Any CPU.ActiveCfg = Release|Any CPU
		{1220AEB2-180F-7658-FD14-E04615C0E121}.Release|Any CPU.Build.0 = Release|Any CPU
		{337E7C80-573C-88A9-03C8-5A2ABC68D67C}.Debug|Any CPU.ActiveCfg = Debug|Any CPU
		{337E7C80-573C-88A9-03C8-5A2ABC68D67C}.Debug|Any CPU.Build.0 = Debug|Any CPU
		{337E7C80-573C-88A9-03C8-5A2ABC68D67C}.Release|Any CPU.ActiveCfg = Release|Any CPU
		{337E7C80-573C-88A9-03C8-5A2ABC68D67C}.Release|Any CPU.Build.0 = Release|Any CPU
		{44AAE836-CD9E-2DBC-5AC6-E85787BC0972}.Debug|Any CPU.ActiveCfg = Debug|Any CPU
		{44AAE836-CD9E-2DBC-5AC6-E85787BC0972}.Debug|Any CPU.Build.0 = Debug|Any CPU
		{44AAE836-CD9E-2DBC-5AC6-E85787BC0972}.Release|Any CPU.ActiveCfg = Release|Any CPU
		{44AAE836-CD9E-2DBC-5AC6-E85787BC0972}.Release|Any CPU.Build.0 = Release|Any CPU
		{65F93BBC-F33B-B6A8-0939-9382DE2A8D2C}.Debug|Any CPU.ActiveCfg = Debug|Any CPU
		{65F93BBC-F33B-B6A8-0939-9382DE2A8D2C}.Debug|Any CPU.Build.0 = Debug|Any CPU
		{65F93BBC-F33B-B6A8-0939-9382DE2A8D2C}.Release|Any CPU.ActiveCfg = Release|Any CPU
		{65F93BBC-F33B-B6A8-0939-9382DE2A8D2C}.Release|Any CPU.Build.0 = Release|Any CPU
		{D658AEBD-B1CB-5D57-00F9-BCAD64D92205}.Debug|Any CPU.ActiveCfg = Debug|Any CPU
		{D658AEBD-B1CB-5D57-00F9-BCAD64D92205}.Debug|Any CPU.Build.0 = Debug|Any CPU
		{D658AEBD-B1CB-5D57-00F9-BCAD64D92205}.Release|Any CPU.ActiveCfg = Release|Any CPU
		{D658AEBD-B1CB-5D57-00F9-BCAD64D92205}.Release|Any CPU.Build.0 = Release|Any CPU
		{A48A9684-3014-2CC2-49E5-54E1D98380B3}.Debug|Any CPU.ActiveCfg = Debug|Any CPU
		{A48A9684-3014-2CC2-49E5-54E1D98380B3}.Debug|Any CPU.Build.0 = Debug|Any CPU
		{A48A9684-3014-2CC2-49E5-54E1D98380B3}.Release|Any CPU.ActiveCfg = Release|Any CPU
		{A48A9684-3014-2CC2-49E5-54E1D98380B3}.Release|Any CPU.Build.0 = Release|Any CPU
		{95F45B13-153A-956A-3F98-2B3CC9332EC0}.Debug|Any CPU.ActiveCfg = Debug|Any CPU
		{95F45B13-153A-956A-3F98-2B3CC9332EC0}.Debug|Any CPU.Build.0 = Debug|Any CPU
		{95F45B13-153A-956A-3F98-2B3CC9332EC0}.Release|Any CPU.ActiveCfg = Release|Any CPU
		{95F45B13-153A-956A-3F98-2B3CC9332EC0}.Release|Any CPU.Build.0 = Release|Any CPU
		{2A6025E8-29DC-4DF0-7E4C-1BCE898DC913}.Debug|Any CPU.ActiveCfg = Debug|Any CPU
		{2A6025E8-29DC-4DF0-7E4C-1BCE898DC913}.Debug|Any CPU.Build.0 = Debug|Any CPU
		{2A6025E8-29DC-4DF0-7E4C-1BCE898DC913}.Release|Any CPU.ActiveCfg = Release|Any CPU
		{2A6025E8-29DC-4DF0-7E4C-1BCE898DC913}.Release|Any CPU.Build.0 = Release|Any CPU
		{7C8DA525-20AE-424D-01C2-D2CCE268CB55}.Debug|Any CPU.ActiveCfg = Debug|Any CPU
		{7C8DA525-20AE-424D-01C2-D2CCE268CB55}.Debug|Any CPU.Build.0 = Debug|Any CPU
		{7C8DA525-20AE-424D-01C2-D2CCE268CB55}.Release|Any CPU.ActiveCfg = Release|Any CPU
		{7C8DA525-20AE-424D-01C2-D2CCE268CB55}.Release|Any CPU.Build.0 = Release|Any CPU
		{B47F53D0-FF76-38CD-31F5-B9F2FB2CC10D}.Debug|Any CPU.ActiveCfg = Debug|Any CPU
		{B47F53D0-FF76-38CD-31F5-B9F2FB2CC10D}.Debug|Any CPU.Build.0 = Debug|Any CPU
		{B47F53D0-FF76-38CD-31F5-B9F2FB2CC10D}.Release|Any CPU.ActiveCfg = Release|Any CPU
		{B47F53D0-FF76-38CD-31F5-B9F2FB2CC10D}.Release|Any CPU.Build.0 = Release|Any CPU
		{0980E640-6A28-D525-3798-850D38293011}.Debug|Any CPU.ActiveCfg = Debug|Any CPU
		{0980E640-6A28-D525-3798-850D38293011}.Debug|Any CPU.Build.0 = Debug|Any CPU
		{0980E640-6A28-D525-3798-850D38293011}.Release|Any CPU.ActiveCfg = Release|Any CPU
		{0980E640-6A28-D525-3798-850D38293011}.Release|Any CPU.Build.0 = Release|Any CPU
		{A1465E21-3EAE-016E-27A3-339E5FB7CFE2}.Debug|Any CPU.ActiveCfg = Debug|Any CPU
		{A1465E21-3EAE-016E-27A3-339E5FB7CFE2}.Debug|Any CPU.Build.0 = Debug|Any CPU
		{A1465E21-3EAE-016E-27A3-339E5FB7CFE2}.Release|Any CPU.ActiveCfg = Release|Any CPU
		{A1465E21-3EAE-016E-27A3-339E5FB7CFE2}.Release|Any CPU.Build.0 = Release|Any CPU
		{1C54EA1C-F1BA-DDB8-3DE5-4BAEA65A9A86}.Debug|Any CPU.ActiveCfg = Debug|Any CPU
		{1C54EA1C-F1BA-DDB8-3DE5-4BAEA65A9A86}.Debug|Any CPU.Build.0 = Debug|Any CPU
		{1C54EA1C-F1BA-DDB8-3DE5-4BAEA65A9A86}.Release|Any CPU.ActiveCfg = Release|Any CPU
		{1C54EA1C-F1BA-DDB8-3DE5-4BAEA65A9A86}.Release|Any CPU.Build.0 = Release|Any CPU
		{BF32EA36-A994-1BB7-10A8-8F3B36370FC1}.Debug|Any CPU.ActiveCfg = Debug|Any CPU
		{BF32EA36-A994-1BB7-10A8-8F3B36370FC1}.Debug|Any CPU.Build.0 = Debug|Any CPU
		{BF32EA36-A994-1BB7-10A8-8F3B36370FC1}.Release|Any CPU.ActiveCfg = Release|Any CPU
		{BF32EA36-A994-1BB7-10A8-8F3B36370FC1}.Release|Any CPU.Build.0 = Release|Any CPU
		{903E5E6B-15B1-FACA-C97B-2DF1F9445BC0}.Debug|Any CPU.ActiveCfg = Debug|Any CPU
		{903E5E6B-15B1-FACA-C97B-2DF1F9445BC0}.Debug|Any CPU.Build.0 = Debug|Any CPU
		{903E5E6B-15B1-FACA-C97B-2DF1F9445BC0}.Release|Any CPU.ActiveCfg = Release|Any CPU
		{903E5E6B-15B1-FACA-C97B-2DF1F9445BC0}.Release|Any CPU.Build.0 = Release|Any CPU
		{D9AB9B9A-D40C-8D32-2028-F794370941E1}.Debug|Any CPU.ActiveCfg = Debug|Any CPU
		{D9AB9B9A-D40C-8D32-2028-F794370941E1}.Debug|Any CPU.Build.0 = Debug|Any CPU
		{D9AB9B9A-D40C-8D32-2028-F794370941E1}.Release|Any CPU.ActiveCfg = Release|Any CPU
		{D9AB9B9A-D40C-8D32-2028-F794370941E1}.Release|Any CPU.Build.0 = Release|Any CPU
		{E90D2130-1C4A-830A-DA1C-B617EA68D86F}.Debug|Any CPU.ActiveCfg = Debug|Any CPU
		{E90D2130-1C4A-830A-DA1C-B617EA68D86F}.Debug|Any CPU.Build.0 = Debug|Any CPU
		{E90D2130-1C4A-830A-DA1C-B617EA68D86F}.Release|Any CPU.ActiveCfg = Release|Any CPU
		{E90D2130-1C4A-830A-DA1C-B617EA68D86F}.Release|Any CPU.Build.0 = Release|Any CPU
		{7D271E20-41EE-3C17-E189-165A5DFE1A18}.Debug|Any CPU.ActiveCfg = Debug|Any CPU
		{7D271E20-41EE-3C17-E189-165A5DFE1A18}.Debug|Any CPU.Build.0 = Debug|Any CPU
		{7D271E20-41EE-3C17-E189-165A5DFE1A18}.Release|Any CPU.ActiveCfg = Release|Any CPU
		{7D271E20-41EE-3C17-E189-165A5DFE1A18}.Release|Any CPU.Build.0 = Release|Any CPU
		{B1639118-732E-865E-A7D8-E1E452E3206A}.Debug|Any CPU.ActiveCfg = Debug|Any CPU
		{B1639118-732E-865E-A7D8-E1E452E3206A}.Debug|Any CPU.Build.0 = Debug|Any CPU
		{B1639118-732E-865E-A7D8-E1E452E3206A}.Release|Any CPU.ActiveCfg = Release|Any CPU
		{B1639118-732E-865E-A7D8-E1E452E3206A}.Release|Any CPU.Build.0 = Release|Any CPU
		{B037C50C-9428-E940-4F3D-01352051DEAD}.Debug|Any CPU.ActiveCfg = Debug|Any CPU
		{B037C50C-9428-E940-4F3D-01352051DEAD}.Debug|Any CPU.Build.0 = Debug|Any CPU
		{B037C50C-9428-E940-4F3D-01352051DEAD}.Release|Any CPU.ActiveCfg = Release|Any CPU
		{B037C50C-9428-E940-4F3D-01352051DEAD}.Release|Any CPU.Build.0 = Release|Any CPU
		{5DF13473-87D5-7B07-D365-565985353A4E}.Debug|Any CPU.ActiveCfg = Debug|Any CPU
		{5DF13473-87D5-7B07-D365-565985353A4E}.Debug|Any CPU.Build.0 = Debug|Any CPU
		{5DF13473-87D5-7B07-D365-565985353A4E}.Release|Any CPU.ActiveCfg = Release|Any CPU
		{5DF13473-87D5-7B07-D365-565985353A4E}.Release|Any CPU.Build.0 = Release|Any CPU
		{38A7DBDF-D3E2-3FB9-7667-2E8ACB34071E}.Debug|Any CPU.ActiveCfg = Debug|Any CPU
		{38A7DBDF-D3E2-3FB9-7667-2E8ACB34071E}.Debug|Any CPU.Build.0 = Debug|Any CPU
		{38A7DBDF-D3E2-3FB9-7667-2E8ACB34071E}.Release|Any CPU.ActiveCfg = Release|Any CPU
		{38A7DBDF-D3E2-3FB9-7667-2E8ACB34071E}.Release|Any CPU.Build.0 = Release|Any CPU
		{EA616250-678F-80CB-73FA-EB91B7AA349E}.Debug|Any CPU.ActiveCfg = Debug|Any CPU
		{EA616250-678F-80CB-73FA-EB91B7AA349E}.Debug|Any CPU.Build.0 = Debug|Any CPU
		{EA616250-678F-80CB-73FA-EB91B7AA349E}.Release|Any CPU.ActiveCfg = Release|Any CPU
		{EA616250-678F-80CB-73FA-EB91B7AA349E}.Release|Any CPU.Build.0 = Release|Any CPU
		{B1E07247-FA5E-11BC-DEE0-8C4DDC416A9A}.Debug|Any CPU.ActiveCfg = Debug|Any CPU
		{B1E07247-FA5E-11BC-DEE0-8C4DDC416A9A}.Debug|Any CPU.Build.0 = Debug|Any CPU
		{B1E07247-FA5E-11BC-DEE0-8C4DDC416A9A}.Release|Any CPU.ActiveCfg = Release|Any CPU
		{B1E07247-FA5E-11BC-DEE0-8C4DDC416A9A}.Release|Any CPU.Build.0 = Release|Any CPU
		{D9D42C21-A5E4-8C3C-75FA-2A563EE5D10C}.Debug|Any CPU.ActiveCfg = Debug|Any CPU
		{D9D42C21-A5E4-8C3C-75FA-2A563EE5D10C}.Debug|Any CPU.Build.0 = Debug|Any CPU
		{D9D42C21-A5E4-8C3C-75FA-2A563EE5D10C}.Release|Any CPU.ActiveCfg = Release|Any CPU
		{D9D42C21-A5E4-8C3C-75FA-2A563EE5D10C}.Release|Any CPU.Build.0 = Release|Any CPU
		{AE3E5D95-AA53-6293-CE13-4EDDB054BFFC}.Debug|Any CPU.ActiveCfg = Debug|Any CPU
		{AE3E5D95-AA53-6293-CE13-4EDDB054BFFC}.Debug|Any CPU.Build.0 = Debug|Any CPU
		{AE3E5D95-AA53-6293-CE13-4EDDB054BFFC}.Release|Any CPU.ActiveCfg = Release|Any CPU
		{AE3E5D95-AA53-6293-CE13-4EDDB054BFFC}.Release|Any CPU.Build.0 = Release|Any CPU
		{F2CE290B-11C4-FAFC-AF7B-599D01C4C67D}.Debug|Any CPU.ActiveCfg = Debug|Any CPU
		{F2CE290B-11C4-FAFC-AF7B-599D01C4C67D}.Debug|Any CPU.Build.0 = Debug|Any CPU
		{F2CE290B-11C4-FAFC-AF7B-599D01C4C67D}.Release|Any CPU.ActiveCfg = Release|Any CPU
		{F2CE290B-11C4-FAFC-AF7B-599D01C4C67D}.Release|Any CPU.Build.0 = Release|Any CPU
		{36D3B808-BBED-661C-163D-549F8ECA1133}.Debug|Any CPU.ActiveCfg = Debug|Any CPU
		{36D3B808-BBED-661C-163D-549F8ECA1133}.Debug|Any CPU.Build.0 = Debug|Any CPU
		{36D3B808-BBED-661C-163D-549F8ECA1133}.Release|Any CPU.ActiveCfg = Release|Any CPU
		{36D3B808-BBED-661C-163D-549F8ECA1133}.Release|Any CPU.Build.0 = Release|Any CPU
		{40858E23-6AB3-19C7-3C7A-5A28313BCB83}.Debug|Any CPU.ActiveCfg = Debug|Any CPU
		{40858E23-6AB3-19C7-3C7A-5A28313BCB83}.Debug|Any CPU.Build.0 = Debug|Any CPU
		{40858E23-6AB3-19C7-3C7A-5A28313BCB83}.Release|Any CPU.ActiveCfg = Release|Any CPU
		{40858E23-6AB3-19C7-3C7A-5A28313BCB83}.Release|Any CPU.Build.0 = Release|Any CPU
		{95496288-5F99-8756-2F5A-070C245FC8B7}.Debug|Any CPU.ActiveCfg = Debug|Any CPU
		{95496288-5F99-8756-2F5A-070C245FC8B7}.Debug|Any CPU.Build.0 = Debug|Any CPU
		{95496288-5F99-8756-2F5A-070C245FC8B7}.Release|Any CPU.ActiveCfg = Release|Any CPU
		{95496288-5F99-8756-2F5A-070C245FC8B7}.Release|Any CPU.Build.0 = Release|Any CPU
		{BD364525-2F44-F9E2-9888-E49CF32A5738}.Debug|Any CPU.ActiveCfg = Debug|Any CPU
		{BD364525-2F44-F9E2-9888-E49CF32A5738}.Debug|Any CPU.Build.0 = Debug|Any CPU
		{BD364525-2F44-F9E2-9888-E49CF32A5738}.Release|Any CPU.ActiveCfg = Release|Any CPU
		{BD364525-2F44-F9E2-9888-E49CF32A5738}.Release|Any CPU.Build.0 = Release|Any CPU
		{53495FF2-B35F-E33F-AD20-86A11B605117}.Debug|Any CPU.ActiveCfg = Debug|Any CPU
		{53495FF2-B35F-E33F-AD20-86A11B605117}.Debug|Any CPU.Build.0 = Debug|Any CPU
		{53495FF2-B35F-E33F-AD20-86A11B605117}.Release|Any CPU.ActiveCfg = Release|Any CPU
		{53495FF2-B35F-E33F-AD20-86A11B605117}.Release|Any CPU.Build.0 = Release|Any CPU
		{F2084F43-9616-EC01-B74E-73745A211C81}.Debug|Any CPU.ActiveCfg = Debug|Any CPU
		{F2084F43-9616-EC01-B74E-73745A211C81}.Debug|Any CPU.Build.0 = Debug|Any CPU
		{F2084F43-9616-EC01-B74E-73745A211C81}.Release|Any CPU.ActiveCfg = Release|Any CPU
		{F2084F43-9616-EC01-B74E-73745A211C81}.Release|Any CPU.Build.0 = Release|Any CPU
		{B48A7066-A461-80AA-B38B-208117808B75}.Debug|Any CPU.ActiveCfg = Debug|Any CPU
		{B48A7066-A461-80AA-B38B-208117808B75}.Debug|Any CPU.Build.0 = Debug|Any CPU
		{B48A7066-A461-80AA-B38B-208117808B75}.Release|Any CPU.ActiveCfg = Release|Any CPU
		{B48A7066-A461-80AA-B38B-208117808B75}.Release|Any CPU.Build.0 = Release|Any CPU
	EndGlobalSection
	GlobalSection(SolutionProperties) = preSolution
		HideSolutionNode = FALSE
	EndGlobalSection
EndGlobal
